
Microsoft Visual Studio Solution File, Format Version 12.00
# Visual Studio 2012
Project("{FAE04EC0-301F-11D3-BF4B-00C04F79EFBC}") = "SnifferDoodle", "SnifferDoodle\SnifferDoodle.csproj", "{51345878-6B56-4902-BF5A-AAB934EDFB7B}"
EndProject
Global
	GlobalSection(TeamFoundationVersionControl) = preSolution
		SccNumberOfProjects = 2
		SccEnterpriseProvider = {4CA58AB2-18FA-4F8D-95D4-32DDF27D184C}
		SccTeamFoundationServer = http://appusore001:8080/tfs/vantage%20engineering
		SccLocalPath0 = .
		SccProjectUniqueName1 = SnifferDoodle\\SnifferDoodle.csproj
		SccProjectName1 = SnifferDoodle
		SccLocalPath1 = SnifferDoodle
	EndGlobalSection
	GlobalSection(SolutionConfigurationPlatforms) = preSolution
		Debug|Any CPU = Debug|Any CPU
		Release|Any CPU = Release|Any CPU
	EndGlobalSection
	GlobalSection(ProjectConfigurationPlatforms) = postSolution
		{51345878-6B56-4902-BF5A-AAB934EDFB7B}.Debug|Any CPU.ActiveCfg = Debug|Any CPU
		{51345878-6B56-4902-BF5A-AAB934EDFB7B}.Debug|Any CPU.Build.0 = Debug|Any CPU
		{51345878-6B56-4902-BF5A-AAB934EDFB7B}.Release|Any CPU.ActiveCfg = Release|Any CPU
		{51345878-6B56-4902-BF5A-AAB934EDFB7B}.Release|Any CPU.Build.0 = Release|Any CPU
	EndGlobalSection
	GlobalSection(SolutionProperties) = preSolution
		HideSolutionNode = FALSE
	EndGlobalSection
EndGlobal
